
Microsoft Visual Studio Solution File, Format Version 12.00
# Visual Studio 14
VisualStudioVersion = 14.0.25123.0
MinimumVisualStudioVersion = 10.0.40219.1
Project("{FAE04EC0-301F-11D3-BF4B-00C04F79EFBC}") = "MyShoppingList", "MyShoppingList\MyShoppingList\MyShoppingList.csproj", "{19C0CC1C-98FC-4FB3-9985-7B98F45231F5}"
EndProject
Project("{FAE04EC0-301F-11D3-BF4B-00C04F79EFBC}") = "MyShoppingList.Droid", "MyShoppingList\MyShoppingList.Droid\MyShoppingList.Droid.csproj", "{ADC24038-8872-4F52-9013-7B00A25BE669}"
EndProject
Project("{FAE04EC0-301F-11D3-BF4B-00C04F79EFBC}") = "MyShoppingList.iOS", "MyShoppingList\MyShoppingList.iOS\MyShoppingList.iOS.csproj", "{E41A1A68-D9B2-40AF-B13C-F40820EC2A6B}"
EndProject
Project("{FAE04EC0-301F-11D3-BF4B-00C04F79EFBC}") = "MyShoppingList.Windows", "MyShoppingList\MyShoppingList.Windows\MyShoppingList.Windows.csproj", "{0E752870-3F83-4776-8A95-FFC9BC30F1CB}"
EndProject
Project("{FAE04EC0-301F-11D3-BF4B-00C04F79EFBC}") = "MyShoppingList.WinPhone", "MyShoppingList\MyShoppingList.WinPhone\MyShoppingList.WinPhone.csproj", "{8207DFC0-1115-4406-95F6-3EF04D218E38}"
EndProject
Global
	GlobalSection(SolutionConfigurationPlatforms) = preSolution
		Ad-Hoc|Any CPU = Ad-Hoc|Any CPU
		Ad-Hoc|ARM = Ad-Hoc|ARM
		Ad-Hoc|iPhone = Ad-Hoc|iPhone
		Ad-Hoc|iPhoneSimulator = Ad-Hoc|iPhoneSimulator
		Ad-Hoc|x64 = Ad-Hoc|x64
		Ad-Hoc|x86 = Ad-Hoc|x86
		AppStore|Any CPU = AppStore|Any CPU
		AppStore|ARM = AppStore|ARM
		AppStore|iPhone = AppStore|iPhone
		AppStore|iPhoneSimulator = AppStore|iPhoneSimulator
		AppStore|x64 = AppStore|x64
		AppStore|x86 = AppStore|x86
		Debug|Any CPU = Debug|Any CPU
		Debug|ARM = Debug|ARM
		Debug|iPhone = Debug|iPhone
		Debug|iPhoneSimulator = Debug|iPhoneSimulator
		Debug|x64 = Debug|x64
		Debug|x86 = Debug|x86
		Release|Any CPU = Release|Any CPU
		Release|ARM = Release|ARM
		Release|iPhone = Release|iPhone
		Release|iPhoneSimulator = Release|iPhoneSimulator
		Release|x64 = Release|x64
		Release|x86 = Release|x86
	EndGlobalSection
	GlobalSection(ProjectConfigurationPlatforms) = postSolution
		{19C0CC1C-98FC-4FB3-9985-7B98F45231F5}.Ad-Hoc|Any CPU.ActiveCfg = Release|Any CPU
		{19C0CC1C-98FC-4FB3-9985-7B98F45231F5}.Ad-Hoc|Any CPU.Build.0 = Release|Any CPU
		{19C0CC1C-98FC-4FB3-9985-7B98F45231F5}.Ad-Hoc|ARM.ActiveCfg = Release|Any CPU
		{19C0CC1C-98FC-4FB3-9985-7B98F45231F5}.Ad-Hoc|ARM.Build.0 = Release|Any CPU
		{19C0CC1C-98FC-4FB3-9985-7B98F45231F5}.Ad-Hoc|iPhone.ActiveCfg = Release|Any CPU
		{19C0CC1C-98FC-4FB3-9985-7B98F45231F5}.Ad-Hoc|iPhone.Build.0 = Release|Any CPU
		{19C0CC1C-98FC-4FB3-9985-7B98F45231F5}.Ad-Hoc|iPhoneSimulator.ActiveCfg = Release|Any CPU
		{19C0CC1C-98FC-4FB3-9985-7B98F45231F5}.Ad-Hoc|iPhoneSimulator.Build.0 = Release|Any CPU
		{19C0CC1C-98FC-4FB3-9985-7B98F45231F5}.Ad-Hoc|x64.ActiveCfg = Release|Any CPU
		{19C0CC1C-98FC-4FB3-9985-7B98F45231F5}.Ad-Hoc|x64.Build.0 = Release|Any CPU
		{19C0CC1C-98FC-4FB3-9985-7B98F45231F5}.Ad-Hoc|x86.ActiveCfg = Release|Any CPU
		{19C0CC1C-98FC-4FB3-9985-7B98F45231F5}.Ad-Hoc|x86.Build.0 = Release|Any CPU
		{19C0CC1C-98FC-4FB3-9985-7B98F45231F5}.AppStore|Any CPU.ActiveCfg = Release|Any CPU
		{19C0CC1C-98FC-4FB3-9985-7B98F45231F5}.AppStore|Any CPU.Build.0 = Release|Any CPU
		{19C0CC1C-98FC-4FB3-9985-7B98F45231F5}.AppStore|ARM.ActiveCfg = Release|Any CPU
		{19C0CC1C-98FC-4FB3-9985-7B98F45231F5}.AppStore|ARM.Build.0 = Release|Any CPU
		{19C0CC1C-98FC-4FB3-9985-7B98F45231F5}.AppStore|iPhone.ActiveCfg = Release|Any CPU
		{19C0CC1C-98FC-4FB3-9985-7B98F45231F5}.AppStore|iPhone.Build.0 = Release|Any CPU
		{19C0CC1C-98FC-4FB3-9985-7B98F45231F5}.AppStore|iPhoneSimulator.ActiveCfg = Release|Any CPU
		{19C0CC1C-98FC-4FB3-9985-7B98F45231F5}.AppStore|iPhoneSimulator.Build.0 = Release|Any CPU
		{19C0CC1C-98FC-4FB3-9985-7B98F45231F5}.AppStore|x64.ActiveCfg = Release|Any CPU
		{19C0CC1C-98FC-4FB3-9985-7B98F45231F5}.AppStore|x64.Build.0 = Release|Any CPU
		{19C0CC1C-98FC-4FB3-9985-7B98F45231F5}.AppStore|x86.ActiveCfg = Release|Any CPU
		{19C0CC1C-98FC-4FB3-9985-7B98F45231F5}.AppStore|x86.Build.0 = Release|Any CPU
		{19C0CC1C-98FC-4FB3-9985-7B98F45231F5}.Debug|Any CPU.ActiveCfg = Debug|Any CPU
		{19C0CC1C-98FC-4FB3-9985-7B98F45231F5}.Debug|Any CPU.Build.0 = Debug|Any CPU
		{19C0CC1C-98FC-4FB3-9985-7B98F45231F5}.Debug|ARM.ActiveCfg = Debug|Any CPU
		{19C0CC1C-98FC-4FB3-9985-7B98F45231F5}.Debug|ARM.Build.0 = Debug|Any CPU
		{19C0CC1C-98FC-4FB3-9985-7B98F45231F5}.Debug|iPhone.ActiveCfg = Debug|Any CPU
		{19C0CC1C-98FC-4FB3-9985-7B98F45231F5}.Debug|iPhone.Build.0 = Debug|Any CPU
		{19C0CC1C-98FC-4FB3-9985-7B98F45231F5}.Debug|iPhoneSimulator.ActiveCfg = Debug|Any CPU
		{19C0CC1C-98FC-4FB3-9985-7B98F45231F5}.Debug|iPhoneSimulator.Build.0 = Debug|Any CPU
		{19C0CC1C-98FC-4FB3-9985-7B98F45231F5}.Debug|x64.ActiveCfg = Debug|Any CPU
		{19C0CC1C-98FC-4FB3-9985-7B98F45231F5}.Debug|x64.Build.0 = Debug|Any CPU
		{19C0CC1C-98FC-4FB3-9985-7B98F45231F5}.Debug|x86.ActiveCfg = Debug|Any CPU
		{19C0CC1C-98FC-4FB3-9985-7B98F45231F5}.Debug|x86.Build.0 = Debug|Any CPU
		{19C0CC1C-98FC-4FB3-9985-7B98F45231F5}.Release|Any CPU.ActiveCfg = Release|Any CPU
		{19C0CC1C-98FC-4FB3-9985-7B98F45231F5}.Release|Any CPU.Build.0 = Release|Any CPU
		{19C0CC1C-98FC-4FB3-9985-7B98F45231F5}.Release|ARM.ActiveCfg = Release|Any CPU
		{19C0CC1C-98FC-4FB3-9985-7B98F45231F5}.Release|ARM.Build.0 = Release|Any CPU
		{19C0CC1C-98FC-4FB3-9985-7B98F45231F5}.Release|iPhone.ActiveCfg = Release|Any CPU
		{19C0CC1C-98FC-4FB3-9985-7B98F45231F5}.Release|iPhone.Build.0 = Release|Any CPU
		{19C0CC1C-98FC-4FB3-9985-7B98F45231F5}.Release|iPhoneSimulator.ActiveCfg = Release|Any CPU
		{19C0CC1C-98FC-4FB3-9985-7B98F45231F5}.Release|iPhoneSimulator.Build.0 = Release|Any CPU
		{19C0CC1C-98FC-4FB3-9985-7B98F45231F5}.Release|x64.ActiveCfg = Release|Any CPU
		{19C0CC1C-98FC-4FB3-9985-7B98F45231F5}.Release|x64.Build.0 = Release|Any CPU
		{19C0CC1C-98FC-4FB3-9985-7B98F45231F5}.Release|x86.ActiveCfg = Release|Any CPU
		{19C0CC1C-98FC-4FB3-9985-7B98F45231F5}.Release|x86.Build.0 = Release|Any CPU
		{ADC24038-8872-4F52-9013-7B00A25BE669}.Ad-Hoc|Any CPU.ActiveCfg = Release|Any CPU
		{ADC24038-8872-4F52-9013-7B00A25BE669}.Ad-Hoc|Any CPU.Build.0 = Release|Any CPU
		{ADC24038-8872-4F52-9013-7B00A25BE669}.Ad-Hoc|Any CPU.Deploy.0 = Release|Any CPU
		{ADC24038-8872-4F52-9013-7B00A25BE669}.Ad-Hoc|ARM.ActiveCfg = Release|Any CPU
		{ADC24038-8872-4F52-9013-7B00A25BE669}.Ad-Hoc|ARM.Build.0 = Release|Any CPU
		{ADC24038-8872-4F52-9013-7B00A25BE669}.Ad-Hoc|ARM.Deploy.0 = Release|Any CPU
		{ADC24038-8872-4F52-9013-7B00A25BE669}.Ad-Hoc|iPhone.ActiveCfg = Release|Any CPU
		{ADC24038-8872-4F52-9013-7B00A25BE669}.Ad-Hoc|iPhone.Build.0 = Release|Any CPU
		{ADC24038-8872-4F52-9013-7B00A25BE669}.Ad-Hoc|iPhone.Deploy.0 = Release|Any CPU
		{ADC24038-8872-4F52-9013-7B00A25BE669}.Ad-Hoc|iPhoneSimulator.ActiveCfg = Release|Any CPU
		{ADC24038-8872-4F52-9013-7B00A25BE669}.Ad-Hoc|iPhoneSimulator.Build.0 = Release|Any CPU
		{ADC24038-8872-4F52-9013-7B00A25BE669}.Ad-Hoc|iPhoneSimulator.Deploy.0 = Release|Any CPU
		{ADC24038-8872-4F52-9013-7B00A25BE669}.Ad-Hoc|x64.ActiveCfg = Release|Any CPU
		{ADC24038-8872-4F52-9013-7B00A25BE669}.Ad-Hoc|x64.Build.0 = Release|Any CPU
		{ADC24038-8872-4F52-9013-7B00A25BE669}.Ad-Hoc|x64.Deploy.0 = Release|Any CPU
		{ADC24038-8872-4F52-9013-7B00A25BE669}.Ad-Hoc|x86.ActiveCfg = Release|Any CPU
		{ADC24038-8872-4F52-9013-7B00A25BE669}.Ad-Hoc|x86.Build.0 = Release|Any CPU
		{ADC24038-8872-4F52-9013-7B00A25BE669}.Ad-Hoc|x86.Deploy.0 = Release|Any CPU
		{ADC24038-8872-4F52-9013-7B00A25BE669}.AppStore|Any CPU.ActiveCfg = Release|Any CPU
		{ADC24038-8872-4F52-9013-7B00A25BE669}.AppStore|Any CPU.Build.0 = Release|Any CPU
		{ADC24038-8872-4F52-9013-7B00A25BE669}.AppStore|Any CPU.Deploy.0 = Release|Any CPU
		{ADC24038-8872-4F52-9013-7B00A25BE669}.AppStore|ARM.ActiveCfg = Release|Any CPU
		{ADC24038-8872-4F52-9013-7B00A25BE669}.AppStore|ARM.Build.0 = Release|Any CPU
		{ADC24038-8872-4F52-9013-7B00A25BE669}.AppStore|ARM.Deploy.0 = Release|Any CPU
		{ADC24038-8872-4F52-9013-7B00A25BE669}.AppStore|iPhone.ActiveCfg = Release|Any CPU
		{ADC24038-8872-4F52-9013-7B00A25BE669}.AppStore|iPhone.Build.0 = Release|Any CPU
		{ADC24038-8872-4F52-9013-7B00A25BE669}.AppStore|iPhone.Deploy.0 = Release|Any CPU
		{ADC24038-8872-4F52-9013-7B00A25BE669}.AppStore|iPhoneSimulator.ActiveCfg = Release|Any CPU
		{ADC24038-8872-4F52-9013-7B00A25BE669}.AppStore|iPhoneSimulator.Build.0 = Release|Any CPU
		{ADC24038-8872-4F52-9013-7B00A25BE669}.AppStore|iPhoneSimulator.Deploy.0 = Release|Any CPU
		{ADC24038-8872-4F52-9013-7B00A25BE669}.AppStore|x64.ActiveCfg = Release|Any CPU
		{ADC24038-8872-4F52-9013-7B00A25BE669}.AppStore|x64.Build.0 = Release|Any CPU
		{ADC24038-8872-4F52-9013-7B00A25BE669}.AppStore|x64.Deploy.0 = Release|Any CPU
		{ADC24038-8872-4F52-9013-7B00A25BE669}.AppStore|x86.ActiveCfg = Release|Any CPU
		{ADC24038-8872-4F52-9013-7B00A25BE669}.AppStore|x86.Build.0 = Release|Any CPU
		{ADC24038-8872-4F52-9013-7B00A25BE669}.AppStore|x86.Deploy.0 = Release|Any CPU
		{ADC24038-8872-4F52-9013-7B00A25BE669}.Debug|Any CPU.ActiveCfg = Debug|Any CPU
		{ADC24038-8872-4F52-9013-7B00A25BE669}.Debug|Any CPU.Build.0 = Debug|Any CPU
		{ADC24038-8872-4F52-9013-7B00A25BE669}.Debug|Any CPU.Deploy.0 = Debug|Any CPU
		{ADC24038-8872-4F52-9013-7B00A25BE669}.Debug|ARM.ActiveCfg = Debug|Any CPU
		{ADC24038-8872-4F52-9013-7B00A25BE669}.Debug|ARM.Build.0 = Debug|Any CPU
		{ADC24038-8872-4F52-9013-7B00A25BE669}.Debug|ARM.Deploy.0 = Debug|Any CPU
		{ADC24038-8872-4F52-9013-7B00A25BE669}.Debug|iPhone.ActiveCfg = Debug|Any CPU
		{ADC24038-8872-4F52-9013-7B00A25BE669}.Debug|iPhone.Build.0 = Debug|Any CPU
		{ADC24038-8872-4F52-9013-7B00A25BE669}.Debug|iPhone.Deploy.0 = Debug|Any CPU
		{ADC24038-8872-4F52-9013-7B00A25BE669}.Debug|iPhoneSimulator.ActiveCfg = Debug|Any CPU
		{ADC24038-8872-4F52-9013-7B00A25BE669}.Debug|iPhoneSimulator.Build.0 = Debug|Any CPU
		{ADC24038-8872-4F52-9013-7B00A25BE669}.Debug|iPhoneSimulator.Deploy.0 = Debug|Any CPU
		{ADC24038-8872-4F52-9013-7B00A25BE669}.Debug|x64.ActiveCfg = Debug|Any CPU
		{ADC24038-8872-4F52-9013-7B00A25BE669}.Debug|x64.Build.0 = Debug|Any CPU
		{ADC24038-8872-4F52-9013-7B00A25BE669}.Debug|x64.Deploy.0 = Debug|Any CPU
		{ADC24038-8872-4F52-9013-7B00A25BE669}.Debug|x86.ActiveCfg = Debug|Any CPU
		{ADC24038-8872-4F52-9013-7B00A25BE669}.Debug|x86.Build.0 = Debug|Any CPU
		{ADC24038-8872-4F52-9013-7B00A25BE669}.Debug|x86.Deploy.0 = Debug|Any CPU
		{ADC24038-8872-4F52-9013-7B00A25BE669}.Release|Any CPU.ActiveCfg = Release|Any CPU
		{ADC24038-8872-4F52-9013-7B00A25BE669}.Release|Any CPU.Build.0 = Release|Any CPU
		{ADC24038-8872-4F52-9013-7B00A25BE669}.Release|Any CPU.Deploy.0 = Release|Any CPU
		{ADC24038-8872-4F52-9013-7B00A25BE669}.Release|ARM.ActiveCfg = Release|Any CPU
		{ADC24038-8872-4F52-9013-7B00A25BE669}.Release|ARM.Build.0 = Release|Any CPU
		{ADC24038-8872-4F52-9013-7B00A25BE669}.Release|ARM.Deploy.0 = Release|Any CPU
		{ADC24038-8872-4F52-9013-7B00A25BE669}.Release|iPhone.ActiveCfg = Release|Any CPU
		{ADC24038-8872-4F52-9013-7B00A25BE669}.Release|iPhone.Build.0 = Release|Any CPU
		{ADC24038-8872-4F52-9013-7B00A25BE669}.Release|iPhone.Deploy.0 = Release|Any CPU
		{ADC24038-8872-4F52-9013-7B00A25BE669}.Release|iPhoneSimulator.ActiveCfg = Release|Any CPU
		{ADC24038-8872-4F52-9013-7B00A25BE669}.Release|iPhoneSimulator.Build.0 = Release|Any CPU
		{ADC24038-8872-4F52-9013-7B00A25BE669}.Release|iPhoneSimulator.Deploy.0 = Release|Any CPU
		{ADC24038-8872-4F52-9013-7B00A25BE669}.Release|x64.ActiveCfg = Release|Any CPU
		{ADC24038-8872-4F52-9013-7B00A25BE669}.Release|x64.Build.0 = Release|Any CPU
		{ADC24038-8872-4F52-9013-7B00A25BE669}.Release|x64.Deploy.0 = Release|Any CPU
		{ADC24038-8872-4F52-9013-7B00A25BE669}.Release|x86.ActiveCfg = Release|Any CPU
		{ADC24038-8872-4F52-9013-7B00A25BE669}.Release|x86.Build.0 = Release|Any CPU
		{ADC24038-8872-4F52-9013-7B00A25BE669}.Release|x86.Deploy.0 = Release|Any CPU
		{E41A1A68-D9B2-40AF-B13C-F40820EC2A6B}.Ad-Hoc|Any CPU.ActiveCfg = Ad-Hoc|iPhone
		{E41A1A68-D9B2-40AF-B13C-F40820EC2A6B}.Ad-Hoc|ARM.ActiveCfg = Ad-Hoc|iPhone
		{E41A1A68-D9B2-40AF-B13C-F40820EC2A6B}.Ad-Hoc|iPhone.ActiveCfg = Ad-Hoc|iPhone
		{E41A1A68-D9B2-40AF-B13C-F40820EC2A6B}.Ad-Hoc|iPhone.Build.0 = Ad-Hoc|iPhone
		{E41A1A68-D9B2-40AF-B13C-F40820EC2A6B}.Ad-Hoc|iPhoneSimulator.ActiveCfg = Ad-Hoc|iPhoneSimulator
		{E41A1A68-D9B2-40AF-B13C-F40820EC2A6B}.Ad-Hoc|iPhoneSimulator.Build.0 = Ad-Hoc|iPhoneSimulator
		{E41A1A68-D9B2-40AF-B13C-F40820EC2A6B}.Ad-Hoc|x64.ActiveCfg = Ad-Hoc|iPhone
		{E41A1A68-D9B2-40AF-B13C-F40820EC2A6B}.Ad-Hoc|x86.ActiveCfg = Ad-Hoc|iPhone
		{E41A1A68-D9B2-40AF-B13C-F40820EC2A6B}.AppStore|Any CPU.ActiveCfg = AppStore|iPhone
		{E41A1A68-D9B2-40AF-B13C-F40820EC2A6B}.AppStore|ARM.ActiveCfg = AppStore|iPhone
		{E41A1A68-D9B2-40AF-B13C-F40820EC2A6B}.AppStore|iPhone.ActiveCfg = AppStore|iPhone
		{E41A1A68-D9B2-40AF-B13C-F40820EC2A6B}.AppStore|iPhone.Build.0 = AppStore|iPhone
		{E41A1A68-D9B2-40AF-B13C-F40820EC2A6B}.AppStore|iPhoneSimulator.ActiveCfg = AppStore|iPhoneSimulator
		{E41A1A68-D9B2-40AF-B13C-F40820EC2A6B}.AppStore|iPhoneSimulator.Build.0 = AppStore|iPhoneSimulator
		{E41A1A68-D9B2-40AF-B13C-F40820EC2A6B}.AppStore|x64.ActiveCfg = AppStore|iPhone
		{E41A1A68-D9B2-40AF-B13C-F40820EC2A6B}.AppStore|x86.ActiveCfg = AppStore|iPhone
		{E41A1A68-D9B2-40AF-B13C-F40820EC2A6B}.Debug|Any CPU.ActiveCfg = Debug|iPhone
		{E41A1A68-D9B2-40AF-B13C-F40820EC2A6B}.Debug|ARM.ActiveCfg = Debug|iPhone
		{E41A1A68-D9B2-40AF-B13C-F40820EC2A6B}.Debug|iPhone.ActiveCfg = Debug|iPhone
		{E41A1A68-D9B2-40AF-B13C-F40820EC2A6B}.Debug|iPhone.Build.0 = Debug|iPhone
		{E41A1A68-D9B2-40AF-B13C-F40820EC2A6B}.Debug|iPhoneSimulator.ActiveCfg = Debug|iPhoneSimulator
		{E41A1A68-D9B2-40AF-B13C-F40820EC2A6B}.Debug|iPhoneSimulator.Build.0 = Debug|iPhoneSimulator
		{E41A1A68-D9B2-40AF-B13C-F40820EC2A6B}.Debug|x64.ActiveCfg = Debug|iPhone
		{E41A1A68-D9B2-40AF-B13C-F40820EC2A6B}.Debug|x86.ActiveCfg = Debug|iPhone
		{E41A1A68-D9B2-40AF-B13C-F40820EC2A6B}.Release|Any CPU.ActiveCfg = Release|iPhone
		{E41A1A68-D9B2-40AF-B13C-F40820EC2A6B}.Release|ARM.ActiveCfg = Release|iPhone
		{E41A1A68-D9B2-40AF-B13C-F40820EC2A6B}.Release|iPhone.ActiveCfg = Release|iPhone
		{E41A1A68-D9B2-40AF-B13C-F40820EC2A6B}.Release|iPhone.Build.0 = Release|iPhone
		{E41A1A68-D9B2-40AF-B13C-F40820EC2A6B}.Release|iPhoneSimulator.ActiveCfg = Release|iPhoneSimulator
		{E41A1A68-D9B2-40AF-B13C-F40820EC2A6B}.Release|iPhoneSimulator.Build.0 = Release|iPhoneSimulator
		{E41A1A68-D9B2-40AF-B13C-F40820EC2A6B}.Release|x64.ActiveCfg = Release|iPhone
		{E41A1A68-D9B2-40AF-B13C-F40820EC2A6B}.Release|x86.ActiveCfg = Release|iPhone
		{0E752870-3F83-4776-8A95-FFC9BC30F1CB}.Ad-Hoc|Any CPU.ActiveCfg = Release|Any CPU
		{0E752870-3F83-4776-8A95-FFC9BC30F1CB}.Ad-Hoc|Any CPU.Build.0 = Release|Any CPU
		{0E752870-3F83-4776-8A95-FFC9BC30F1CB}.Ad-Hoc|Any CPU.Deploy.0 = Release|Any CPU
		{0E752870-3F83-4776-8A95-FFC9BC30F1CB}.Ad-Hoc|ARM.ActiveCfg = Release|ARM
		{0E752870-3F83-4776-8A95-FFC9BC30F1CB}.Ad-Hoc|ARM.Build.0 = Release|ARM
		{0E752870-3F83-4776-8A95-FFC9BC30F1CB}.Ad-Hoc|ARM.Deploy.0 = Release|ARM
		{0E752870-3F83-4776-8A95-FFC9BC30F1CB}.Ad-Hoc|iPhone.ActiveCfg = Release|Any CPU
		{0E752870-3F83-4776-8A95-FFC9BC30F1CB}.Ad-Hoc|iPhone.Build.0 = Release|Any CPU
		{0E752870-3F83-4776-8A95-FFC9BC30F1CB}.Ad-Hoc|iPhone.Deploy.0 = Release|Any CPU
		{0E752870-3F83-4776-8A95-FFC9BC30F1CB}.Ad-Hoc|iPhoneSimulator.ActiveCfg = Release|Any CPU
		{0E752870-3F83-4776-8A95-FFC9BC30F1CB}.Ad-Hoc|iPhoneSimulator.Build.0 = Release|Any CPU
		{0E752870-3F83-4776-8A95-FFC9BC30F1CB}.Ad-Hoc|iPhoneSimulator.Deploy.0 = Release|Any CPU
		{0E752870-3F83-4776-8A95-FFC9BC30F1CB}.Ad-Hoc|x64.ActiveCfg = Release|x64
		{0E752870-3F83-4776-8A95-FFC9BC30F1CB}.Ad-Hoc|x64.Build.0 = Release|x64
		{0E752870-3F83-4776-8A95-FFC9BC30F1CB}.Ad-Hoc|x64.Deploy.0 = Release|x64
		{0E752870-3F83-4776-8A95-FFC9BC30F1CB}.Ad-Hoc|x86.ActiveCfg = Release|x86
		{0E752870-3F83-4776-8A95-FFC9BC30F1CB}.Ad-Hoc|x86.Build.0 = Release|x86
		{0E752870-3F83-4776-8A95-FFC9BC30F1CB}.Ad-Hoc|x86.Deploy.0 = Release|x86
		{0E752870-3F83-4776-8A95-FFC9BC30F1CB}.AppStore|Any CPU.ActiveCfg = Release|Any CPU
		{0E752870-3F83-4776-8A95-FFC9BC30F1CB}.AppStore|Any CPU.Build.0 = Release|Any CPU
		{0E752870-3F83-4776-8A95-FFC9BC30F1CB}.AppStore|Any CPU.Deploy.0 = Release|Any CPU
		{0E752870-3F83-4776-8A95-FFC9BC30F1CB}.AppStore|ARM.ActiveCfg = Release|ARM
		{0E752870-3F83-4776-8A95-FFC9BC30F1CB}.AppStore|ARM.Build.0 = Release|ARM
		{0E752870-3F83-4776-8A95-FFC9BC30F1CB}.AppStore|ARM.Deploy.0 = Release|ARM
		{0E752870-3F83-4776-8A95-FFC9BC30F1CB}.AppStore|iPhone.ActiveCfg = Release|Any CPU
		{0E752870-3F83-4776-8A95-FFC9BC30F1CB}.AppStore|iPhone.Build.0 = Release|Any CPU
		{0E752870-3F83-4776-8A95-FFC9BC30F1CB}.AppStore|iPhone.Deploy.0 = Release|Any CPU
		{0E752870-3F83-4776-8A95-FFC9BC30F1CB}.AppStore|iPhoneSimulator.ActiveCfg = Release|Any CPU
		{0E752870-3F83-4776-8A95-FFC9BC30F1CB}.AppStore|iPhoneSimulator.Build.0 = Release|Any CPU
		{0E752870-3F83-4776-8A95-FFC9BC30F1CB}.AppStore|iPhoneSimulator.Deploy.0 = Release|Any CPU
		{0E752870-3F83-4776-8A95-FFC9BC30F1CB}.AppStore|x64.ActiveCfg = Release|x64
		{0E752870-3F83-4776-8A95-FFC9BC30F1CB}.AppStore|x64.Build.0 = Release|x64
		{0E752870-3F83-4776-8A95-FFC9BC30F1CB}.AppStore|x64.Deploy.0 = Release|x64
		{0E752870-3F83-4776-8A95-FFC9BC30F1CB}.AppStore|x86.ActiveCfg = Release|x86
		{0E752870-3F83-4776-8A95-FFC9BC30F1CB}.AppStore|x86.Build.0 = Release|x86
		{0E752870-3F83-4776-8A95-FFC9BC30F1CB}.AppStore|x86.Deploy.0 = Release|x86
		{0E752870-3F83-4776-8A95-FFC9BC30F1CB}.Debug|Any CPU.ActiveCfg = Debug|Any CPU
		{0E752870-3F83-4776-8A95-FFC9BC30F1CB}.Debug|Any CPU.Build.0 = Debug|Any CPU
		{0E752870-3F83-4776-8A95-FFC9BC30F1CB}.Debug|Any CPU.Deploy.0 = Debug|Any CPU
		{0E752870-3F83-4776-8A95-FFC9BC30F1CB}.Debug|ARM.ActiveCfg = Debug|ARM
		{0E752870-3F83-4776-8A95-FFC9BC30F1CB}.Debug|ARM.Build.0 = Debug|ARM
		{0E752870-3F83-4776-8A95-FFC9BC30F1CB}.Debug|ARM.Deploy.0 = Debug|ARM
		{0E752870-3F83-4776-8A95-FFC9BC30F1CB}.Debug|iPhone.ActiveCfg = Debug|Any CPU
		{0E752870-3F83-4776-8A95-FFC9BC30F1CB}.Debug|iPhone.Build.0 = Debug|Any CPU
		{0E752870-3F83-4776-8A95-FFC9BC30F1CB}.Debug|iPhone.Deploy.0 = Debug|Any CPU
		{0E752870-3F83-4776-8A95-FFC9BC30F1CB}.Debug|iPhoneSimulator.ActiveCfg = Debug|Any CPU
		{0E752870-3F83-4776-8A95-FFC9BC30F1CB}.Debug|iPhoneSimulator.Build.0 = Debug|Any CPU
		{0E752870-3F83-4776-8A95-FFC9BC30F1CB}.Debug|iPhoneSimulator.Deploy.0 = Debug|Any CPU
		{0E752870-3F83-4776-8A95-FFC9BC30F1CB}.Debug|x64.ActiveCfg = Debug|x64
		{0E752870-3F83-4776-8A95-FFC9BC30F1CB}.Debug|x64.Build.0 = Debug|x64
		{0E752870-3F83-4776-8A95-FFC9BC30F1CB}.Debug|x64.Deploy.0 = Debug|x64
		{0E752870-3F83-4776-8A95-FFC9BC30F1CB}.Debug|x86.ActiveCfg = Debug|x86
		{0E752870-3F83-4776-8A95-FFC9BC30F1CB}.Debug|x86.Build.0 = Debug|x86
		{0E752870-3F83-4776-8A95-FFC9BC30F1CB}.Debug|x86.Deploy.0 = Debug|x86
		{0E752870-3F83-4776-8A95-FFC9BC30F1CB}.Release|Any CPU.ActiveCfg = Release|Any CPU
		{0E752870-3F83-4776-8A95-FFC9BC30F1CB}.Release|Any CPU.Build.0 = Release|Any CPU
		{0E752870-3F83-4776-8A95-FFC9BC30F1CB}.Release|Any CPU.Deploy.0 = Release|Any CPU
		{0E752870-3F83-4776-8A95-FFC9BC30F1CB}.Release|ARM.ActiveCfg = Release|ARM
		{0E752870-3F83-4776-8A95-FFC9BC30F1CB}.Release|ARM.Build.0 = Release|ARM
		{0E752870-3F83-4776-8A95-FFC9BC30F1CB}.Release|ARM.Deploy.0 = Release|ARM
		{0E752870-3F83-4776-8A95-FFC9BC30F1CB}.Release|iPhone.ActiveCfg = Release|Any CPU
		{0E752870-3F83-4776-8A95-FFC9BC30F1CB}.Release|iPhone.Build.0 = Release|Any CPU
		{0E752870-3F83-4776-8A95-FFC9BC30F1CB}.Release|iPhone.Deploy.0 = Release|Any CPU
		{0E752870-3F83-4776-8A95-FFC9BC30F1CB}.Release|iPhoneSimulator.ActiveCfg = Release|Any CPU
		{0E752870-3F83-4776-8A95-FFC9BC30F1CB}.Release|iPhoneSimulator.Build.0 = Release|Any CPU
		{0E752870-3F83-4776-8A95-FFC9BC30F1CB}.Release|iPhoneSimulator.Deploy.0 = Release|Any CPU
		{0E752870-3F83-4776-8A95-FFC9BC30F1CB}.Release|x64.ActiveCfg = Release|x64
		{0E752870-3F83-4776-8A95-FFC9BC30F1CB}.Release|x64.Build.0 = Release|x64
		{0E752870-3F83-4776-8A95-FFC9BC30F1CB}.Release|x64.Deploy.0 = Release|x64
		{0E752870-3F83-4776-8A95-FFC9BC30F1CB}.Release|x86.ActiveCfg = Release|x86
		{0E752870-3F83-4776-8A95-FFC9BC30F1CB}.Release|x86.Build.0 = Release|x86
		{0E752870-3F83-4776-8A95-FFC9BC30F1CB}.Release|x86.Deploy.0 = Release|x86
		{8207DFC0-1115-4406-95F6-3EF04D218E38}.Ad-Hoc|Any CPU.ActiveCfg = Release|Any CPU
		{8207DFC0-1115-4406-95F6-3EF04D218E38}.Ad-Hoc|Any CPU.Build.0 = Release|Any CPU
		{8207DFC0-1115-4406-95F6-3EF04D218E38}.Ad-Hoc|Any CPU.Deploy.0 = Release|Any CPU
		{8207DFC0-1115-4406-95F6-3EF04D218E38}.Ad-Hoc|ARM.ActiveCfg = Release|ARM
		{8207DFC0-1115-4406-95F6-3EF04D218E38}.Ad-Hoc|ARM.Build.0 = Release|ARM
		{8207DFC0-1115-4406-95F6-3EF04D218E38}.Ad-Hoc|ARM.Deploy.0 = Release|ARM
		{8207DFC0-1115-4406-95F6-3EF04D218E38}.Ad-Hoc|iPhone.ActiveCfg = Release|Any CPU
		{8207DFC0-1115-4406-95F6-3EF04D218E38}.Ad-Hoc|iPhone.Build.0 = Release|Any CPU
		{8207DFC0-1115-4406-95F6-3EF04D218E38}.Ad-Hoc|iPhone.Deploy.0 = Release|Any CPU
		{8207DFC0-1115-4406-95F6-3EF04D218E38}.Ad-Hoc|iPhoneSimulator.ActiveCfg = Release|Any CPU
		{8207DFC0-1115-4406-95F6-3EF04D218E38}.Ad-Hoc|iPhoneSimulator.Build.0 = Release|Any CPU
		{8207DFC0-1115-4406-95F6-3EF04D218E38}.Ad-Hoc|iPhoneSimulator.Deploy.0 = Release|Any CPU
		{8207DFC0-1115-4406-95F6-3EF04D218E38}.Ad-Hoc|x64.ActiveCfg = Release|Any CPU
		{8207DFC0-1115-4406-95F6-3EF04D218E38}.Ad-Hoc|x64.Build.0 = Release|Any CPU
		{8207DFC0-1115-4406-95F6-3EF04D218E38}.Ad-Hoc|x64.Deploy.0 = Release|Any CPU
		{8207DFC0-1115-4406-95F6-3EF04D218E38}.Ad-Hoc|x86.ActiveCfg = Release|x86
		{8207DFC0-1115-4406-95F6-3EF04D218E38}.Ad-Hoc|x86.Build.0 = Release|x86
		{8207DFC0-1115-4406-95F6-3EF04D218E38}.Ad-Hoc|x86.Deploy.0 = Release|x86
		{8207DFC0-1115-4406-95F6-3EF04D218E38}.AppStore|Any CPU.ActiveCfg = Release|Any CPU
		{8207DFC0-1115-4406-95F6-3EF04D218E38}.AppStore|Any CPU.Build.0 = Release|Any CPU
		{8207DFC0-1115-4406-95F6-3EF04D218E38}.AppStore|Any CPU.Deploy.0 = Release|Any CPU
		{8207DFC0-1115-4406-95F6-3EF04D218E38}.AppStore|ARM.ActiveCfg = Release|ARM
		{8207DFC0-1115-4406-95F6-3EF04D218E38}.AppStore|ARM.Build.0 = Release|ARM
		{8207DFC0-1115-4406-95F6-3EF04D218E38}.AppStore|ARM.Deploy.0 = Release|ARM
		{8207DFC0-1115-4406-95F6-3EF04D218E38}.AppStore|iPhone.ActiveCfg = Release|Any CPU
		{8207DFC0-1115-4406-95F6-3EF04D218E38}.AppStore|iPhone.Build.0 = Release|Any CPU
		{8207DFC0-1115-4406-95F6-3EF04D218E38}.AppStore|iPhone.Deploy.0 = Release|Any CPU
		{8207DFC0-1115-4406-95F6-3EF04D218E38}.AppStore|iPhoneSimulator.ActiveCfg = Release|Any CPU
		{8207DFC0-1115-4406-95F6-3EF04D218E38}.AppStore|iPhoneSimulator.Build.0 = Release|Any CPU
		{8207DFC0-1115-4406-95F6-3EF04D218E38}.AppStore|iPhoneSimulator.Deploy.0 = Release|Any CPU
		{8207DFC0-1115-4406-95F6-3EF04D218E38}.AppStore|x64.ActiveCfg = Release|Any CPU
		{8207DFC0-1115-4406-95F6-3EF04D218E38}.AppStore|x64.Build.0 = Release|Any CPU
		{8207DFC0-1115-4406-95F6-3EF04D218E38}.AppStore|x64.Deploy.0 = Release|Any CPU
		{8207DFC0-1115-4406-95F6-3EF04D218E38}.AppStore|x86.ActiveCfg = Release|x86
		{8207DFC0-1115-4406-95F6-3EF04D218E38}.AppStore|x86.Build.0 = Release|x86
		{8207DFC0-1115-4406-95F6-3EF04D218E38}.AppStore|x86.Deploy.0 = Release|x86
		{8207DFC0-1115-4406-95F6-3EF04D218E38}.Debug|Any CPU.ActiveCfg = Debug|Any CPU
		{8207DFC0-1115-4406-95F6-3EF04D218E38}.Debug|Any CPU.Build.0 = Debug|Any CPU
		{8207DFC0-1115-4406-95F6-3EF04D218E38}.Debug|Any CPU.Deploy.0 = Debug|Any CPU
		{8207DFC0-1115-4406-95F6-3EF04D218E38}.Debug|ARM.ActiveCfg = Debug|ARM
		{8207DFC0-1115-4406-95F6-3EF04D218E38}.Debug|ARM.Build.0 = Debug|ARM
		{8207DFC0-1115-4406-95F6-3EF04D218E38}.Debug|ARM.Deploy.0 = Debug|ARM
		{8207DFC0-1115-4406-95F6-3EF04D218E38}.Debug|iPhone.ActiveCfg = Debug|Any CPU
		{8207DFC0-1115-4406-95F6-3EF04D218E38}.Debug|iPhone.Build.0 = Debug|Any CPU
		{8207DFC0-1115-4406-95F6-3EF04D218E38}.Debug|iPhone.Deploy.0 = Debug|Any CPU
		{8207DFC0-1115-4406-95F6-3EF04D218E38}.Debug|iPhoneSimulator.ActiveCfg = Debug|Any CPU
		{8207DFC0-1115-4406-95F6-3EF04D218E38}.Debug|iPhoneSimulator.Build.0 = Debug|Any CPU
		{8207DFC0-1115-4406-95F6-3EF04D218E38}.Debug|iPhoneSimulator.Deploy.0 = Debug|Any CPU
		{8207DFC0-1115-4406-95F6-3EF04D218E38}.Debug|x64.ActiveCfg = Debug|Any CPU
		{8207DFC0-1115-4406-95F6-3EF04D218E38}.Debug|x64.Build.0 = Debug|Any CPU
		{8207DFC0-1115-4406-95F6-3EF04D218E38}.Debug|x64.Deploy.0 = Debug|Any CPU
		{8207DFC0-1115-4406-95F6-3EF04D218E38}.Debug|x86.ActiveCfg = Debug|x86
		{8207DFC0-1115-4406-95F6-3EF04D218E38}.Debug|x86.Build.0 = Debug|x86
		{8207DFC0-1115-4406-95F6-3EF04D218E38}.Debug|x86.Deploy.0 = Debug|x86
		{8207DFC0-1115-4406-95F6-3EF04D218E38}.Release|Any CPU.ActiveCfg = Release|Any CPU
		{8207DFC0-1115-4406-95F6-3EF04D218E38}.Release|Any CPU.Build.0 = Release|Any CPU
		{8207DFC0-1115-4406-95F6-3EF04D218E38}.Release|Any CPU.Deploy.0 = Release|Any CPU
		{8207DFC0-1115-4406-95F6-3EF04D218E38}.Release|ARM.ActiveCfg = Release|ARM
		{8207DFC0-1115-4406-95F6-3EF04D218E38}.Release|ARM.Build.0 = Release|ARM
		{8207DFC0-1115-4406-95F6-3EF04D218E38}.Release|ARM.Deploy.0 = Release|ARM
		{8207DFC0-1115-4406-95F6-3EF04D218E38}.Release|iPhone.ActiveCfg = Release|Any CPU
		{8207DFC0-1115-4406-95F6-3EF04D218E38}.Release|iPhone.Build.0 = Release|Any CPU
		{8207DFC0-1115-4406-95F6-3EF04D218E38}.Release|iPhone.Deploy.0 = Release|Any CPU
		{8207DFC0-1115-4406-95F6-3EF04D218E38}.Release|iPhoneSimulator.ActiveCfg = Release|Any CPU
		{8207DFC0-1115-4406-95F6-3EF04D218E38}.Release|iPhoneSimulator.Build.0 = Release|Any CPU
		{8207DFC0-1115-4406-95F6-3EF04D218E38}.Release|iPhoneSimulator.Deploy.0 = Release|Any CPU
		{8207DFC0-1115-4406-95F6-3EF04D218E38}.Release|x64.ActiveCfg = Release|Any CPU
		{8207DFC0-1115-4406-95F6-3EF04D218E38}.Release|x64.Build.0 = Release|Any CPU
		{8207DFC0-1115-4406-95F6-3EF04D218E38}.Release|x64.Deploy.0 = Release|Any CPU
		{8207DFC0-1115-4406-95F6-3EF04D218E38}.Release|x86.ActiveCfg = Release|x86
		{8207DFC0-1115-4406-95F6-3EF04D218E38}.Release|x86.Build.0 = Release|x86
		{8207DFC0-1115-4406-95F6-3EF04D218E38}.Release|x86.Deploy.0 = Release|x86
	EndGlobalSection
	GlobalSection(SolutionProperties) = preSolution
		HideSolutionNode = FALSE
	EndGlobalSection
EndGlobal
